
Microsoft Visual Studio Solution File, Format Version 12.00
# Visual Studio Version 16
VisualStudioVersion = 16.0.30413.136
MinimumVisualStudioVersion = 10.0.40219.1
Project("{FAE04EC0-301F-11D3-BF4B-00C04F79EFBC}") = "MapEditor", "MapEditor\MapEditor.csproj", "{DB1A394A-6C6E-4A84-9C2E-A8A56668AC95}"
EndProject
Global
	GlobalSection(SolutionConfigurationPlatforms) = preSolution
		Debug|Any CPU = Debug|Any CPU
		Release|Any CPU = Release|Any CPU
	EndGlobalSection
	GlobalSection(ProjectConfigurationPlatforms) = postSolution
		{DB1A394A-6C6E-4A84-9C2E-A8A56668AC95}.Debug|Any CPU.ActiveCfg = Debug|Any CPU
		{DB1A394A-6C6E-4A84-9C2E-A8A56668AC95}.Debug|Any CPU.Build.0 = Debug|Any CPU
		{DB1A394A-6C6E-4A84-9C2E-A8A56668AC95}.Release|Any CPU.ActiveCfg = Release|Any CPU
		{DB1A394A-6C6E-4A84-9C2E-A8A56668AC95}.Release|Any CPU.Build.0 = Release|Any CPU
	EndGlobalSection
	GlobalSection(SolutionProperties) = preSolution
		HideSolutionNode = FALSE
	EndGlobalSection
	GlobalSection(ExtensibilityGlobals) = postSolution
		SolutionGuid = {A5104669-6F5C-4B91-9755-20C9E761C428}
	EndGlobalSection
EndGlobal
